{
  "lockfileVersion": 1,
  "configVersion": 1,
  "workspaces": {
    "": {
      "name": "oh-my-Aegis",
      "dependencies": {
        "@opencode-ai/plugin": "^1.3.15",
        "@opencode-ai/sdk": "^1.3.15",
        "yaml": "^2.8.3",
        "zod": "^4.3.6",
      },
      "devDependencies": {
        "@ast-grep/cli": "^0.41.1",
        "bun-types": "latest",
        "typescript": "^5.9.3",
      },
    },
  },
  "trustedDependencies": [
    "@ast-grep/cli",
  ],
  "packages": {
    "@ast-grep/cli": ["@ast-grep/cli@0.41.1", "", { "dependencies": { "detect-libc": "2.1.2" }, "optionalDependencies": { "@ast-grep/cli-darwin-arm64": "0.41.1", "@ast-grep/cli-darwin-x64": "0.41.1", "@ast-grep/cli-linux-arm64-gnu": "0.41.1", "@ast-grep/cli-linux-x64-gnu": "0.41.1", "@ast-grep/cli-win32-arm64-msvc": "0.41.1", "@ast-grep/cli-win32-ia32-msvc": "0.41.1", "@ast-grep/cli-win32-x64-msvc": "0.41.1" }, "bin": { "sg": "sg", "ast-grep": "ast-grep" } }, "sha512-6oSuzF1Ra0d9jdcmflRIR1DHcicI7TYVxaaV/hajV51J49r6C+1BA2H9G+e47lH4sDEXUS9KWLNGNvXa/Gqs5A=="],

    "@ast-grep/cli-darwin-arm64": ["@ast-grep/cli-darwin-arm64@0.41.1", "", { "os": "darwin", "cpu": "arm64" }, "sha512-30lrXtyDB+16WS89Bk8sufA5TVUczyQye4PoIYLxZr+PRbPW7thpxHwBwGWL6QvPvUtlElrCe4seA1CEwFxeFA=="],

    "@ast-grep/cli-darwin-x64": ["@ast-grep/cli-darwin-x64@0.41.1", "", { "os": "darwin", "cpu": "x64" }, "sha512-jRft57aWRgqYgLXooWxS9Nx5mb5JJ/KQIwEqacWkcmDZEdEui7oG50//6y4/vU5WRcS1n6oB2Vs7WBvTh3/Ypg=="],

    "@ast-grep/cli-linux-arm64-gnu": ["@ast-grep/cli-linux-arm64-gnu@0.41.1", "", { "os": "linux", "cpu": "arm64" }, "sha512-1XUL+8u+Xs1FoM2W6F4v8pRa2aQQcp5CZXBG8uy9n8FhwsQtrhBclJ2Vr9g/zzswHQT1293mnP5TOk1wlYZq6w=="],

    "@ast-grep/cli-linux-x64-gnu": ["@ast-grep/cli-linux-x64-gnu@0.41.1", "", { "os": "linux", "cpu": "x64" }, "sha512-oSsbXzbcl4hnRAw7b1bTFZapx9s+O8ToJJKI44oJAb7xKIG3Rubn2IMBOFvMvjjWEEax8PpS2IocgdB8nUAcbA=="],

    "@ast-grep/cli-win32-arm64-msvc": ["@ast-grep/cli-win32-arm64-msvc@0.41.1", "", { "os": "win32", "cpu": "arm64" }, "sha512-jTMNqjXnQUhInMB1X06sxWZJv/6pd4/iYSyk8RR5kdulnuNzoGEB9KYbm6ojxktPtMfZpb+7eShQLqqy/dG6Ag=="],

    "@ast-grep/cli-win32-ia32-msvc": ["@ast-grep/cli-win32-ia32-msvc@0.41.1", "", { "os": "win32", "cpu": "ia32" }, "sha512-mCTyr6/KQneKk0iYaWup4ywW5buNcFqL6TrJVfU0tkd38fu/RtJ5zywr978vVvFxsY+urRU0qkrmtQqXQNwDFA=="],

    "@ast-grep/cli-win32-x64-msvc": ["@ast-grep/cli-win32-x64-msvc@0.41.1", "", { "os": "win32", "cpu": "x64" }, "sha512-AUbR67UKWsfgyy3SWQq258ZB0xSlaAe15Gl5hPu5tbUu4HTt6rKrUCTEEubYgbNdPPZWtxjobjFjMsDTWfnrug=="],

    "@opencode-ai/plugin": ["@opencode-ai/plugin@1.3.15", "", { "dependencies": { "@opencode-ai/sdk": "1.3.15", "zod": "4.1.8" }, "peerDependencies": { "@opentui/core": ">=0.1.96", "@opentui/solid": ">=0.1.96" }, "optionalPeers": ["@opentui/core", "@opentui/solid"] }, "sha512-jZJbuvUXc5Limz8pacQl+ffATjjKGlq+xaA4wTUeW+/spwOf7Yr5Ryyvan8eNlYM8wy6h5SLfznl1rlFpjYC8w=="],

    "@opencode-ai/sdk": ["@opencode-ai/sdk@1.3.15", "", { "dependencies": { "cross-spawn": "7.0.6" } }, "sha512-Uk59C7wsK20wpdr277yx7Xz7TqG5jGqlZUpSW3wDH/7a2K2iBg0lXc2wskHuCXLRXMhXpPZtb4a3SOpPENkkbg=="],

    "@types/node": ["@types/node@25.2.2", "", { "dependencies": { "undici-types": "~7.16.0" } }, "sha512-BkmoP5/FhRYek5izySdkOneRyXYN35I860MFAGupTdebyE66uZaR+bXLHq8k4DirE5DwQi3NuhvRU1jqTVwUrQ=="],

    "bun-types": ["bun-types@1.3.11", "", { "dependencies": { "@types/node": "*" } }, "sha512-1KGPpoxQWl9f6wcZh57LvrPIInQMn2TQ7jsgxqpRzg+l0QPOFvJVH7HmvHo/AiPgwXy+/Thf6Ov3EdVn1vOabg=="],

    "cross-spawn": ["cross-spawn@7.0.6", "", { "dependencies": { "path-key": "^3.1.0", "shebang-command": "^2.0.0", "which": "^2.0.1" } }, "sha512-uV2QOWP2nWzsy2aMp8aRibhi9dlzF5Hgh5SHaB9OiTGEyDTiJJyx0uy51QXdyWbtAHNua4XJzUKca3OzKUd3vA=="],

    "detect-libc": ["detect-libc@2.1.2", "", {}, "sha512-Btj2BOOO83o3WyH59e8MgXsxEQVcarkUOpEYrubB0urwnN10yQ364rsiByU11nZlqWYZm05i/of7io4mzihBtQ=="],

    "isexe": ["isexe@2.0.0", "", {}, "sha512-RHxMLp9lnKHGHRng9QFhRCMbYAcVpn69smSGcq3f36xjgVVWThj4qqLbTLlq7Ssj8B+fIQ1EuCEGI2lKsyQeIw=="],

    "path-key": ["path-key@3.1.1", "", {}, "sha512-ojmeN0qd+y0jszEtoY48r0Peq5dwMEkIlCOu6Q5f41lfkswXuKtYrhgoTpLnyIcHm24Uhqx+5Tqm2InSwLhE6Q=="],

    "shebang-command": ["shebang-command@2.0.0", "", { "dependencies": { "shebang-regex": "^3.0.0" } }, "sha512-kHxr2zZpYtdmrN1qDjrrX/Z1rR1kG8Dx+gkpK1G4eXmvXswmcE1hTWBWYUzlraYw1/yZp6YuDY77YtvbN0dmDA=="],

    "shebang-regex": ["shebang-regex@3.0.0", "", {}, "sha512-7++dFhtcx3353uBaq8DDR4NuxBetBzC7ZQOhmTQInHEd6bSrXdiEyzCvG07Z44UYdLShWUyXt5M/yhz8ekcb1A=="],

    "typescript": ["typescript@5.9.3", "", { "bin": { "tsc": "bin/tsc", "tsserver": "bin/tsserver" } }, "sha512-jl1vZzPDinLr9eUt3J/t7V6FgNEw9QjvBPdysz9KfQDD41fQrC2Y4vKQdiaUpFT4bXlb1RHhLpp8wtm6M5TgSw=="],

    "undici-types": ["undici-types@7.16.0", "", {}, "sha512-Zz+aZWSj8LE6zoxD+xrjh4VfkIG8Ya6LvYkZqtUQGJPZjYl53ypCaUwWqo7eI0x66KBGeRo+mlBEkMSeSZ38Nw=="],

    "which": ["which@2.0.2", "", { "dependencies": { "isexe": "^2.0.0" }, "bin": { "node-which": "./bin/node-which" } }, "sha512-BLI3Tl1TW3Pvl70l3yq3Y64i+awpwXqsGBYWkkqMtnbXgrMD+yj7rhW0kuEDxzJaYXGjEW5ogapKNMEKNMjibA=="],

    "yaml": ["yaml@2.8.3", "", { "bin": { "yaml": "bin.mjs" } }, "sha512-AvbaCLOO2Otw/lW5bmh9d/WEdcDFdQp2Z2ZUH3pX9U2ihyUY0nvLv7J6TrWowklRGPYbB/IuIMfYgxaCPg5Bpg=="],

    "zod": ["zod@4.3.6", "", {}, "sha512-rftlrkhHZOcjDwkGlnUtZZkvaPHCsDATp4pGpuOOMDaTdDDXF91wuVDJoWoPsKX/3YPQ5fHuF3STjcYyKr+Qhg=="],

    "@opencode-ai/plugin/zod": ["zod@4.1.8", "", {}, "sha512-5R1P+WwQqmmMIEACyzSvo4JXHY5WiAFHRMg+zBZKgKS+Q1viRa0C1hmUKtHltoIFKtIdki3pRxkmpP74jnNYHQ=="],
  }
}
